// !$*UTF8*$!
{
	archiveVersion = 1;
	classes = {
	};
	objectVersion = 46;
	objects = {

/* Begin PBXBuildFile section */
		4F7962A01C6B989000330873 /* Orca.h in Headers */ = {isa = PBXBuildFile; fileRef = 4F79629F1C6B989000330873 /* Orca.h */; settings = {ATTRIBUTES = (Public, ); }; };
		4F7962A71C6B989000330873 /* Orca.framework in Frameworks */ = {isa = PBXBuildFile; fileRef = 4F79629C1C6B989000330873 /* Orca.framework */; };
		4F7962AC1C6B989000330873 /* OrcaTests.swift in Sources */ = {isa = PBXBuildFile; fileRef = 4F7962AB1C6B989000330873 /* OrcaTests.swift */; };
		4F7962B81C6B98CA00330873 /* Model.swift in Sources */ = {isa = PBXBuildFile; fileRef = 4F7962B71C6B98CA00330873 /* Model.swift */; };
		4F7962C11C6B994000330873 /* main.swift in Sources */ = {isa = PBXBuildFile; fileRef = 4F7962C01C6B994000330873 /* main.swift */; };
		4F7962C71C6B998800330873 /* Orca.framework in Frameworks */ = {isa = PBXBuildFile; fileRef = 4F79629C1C6B989000330873 /* Orca.framework */; };
		4F7962C91C6B9B5A00330873 /* DataTypes.swift in Sources */ = {isa = PBXBuildFile; fileRef = 4F7962C81C6B9B5A00330873 /* DataTypes.swift */; };
/* End PBXBuildFile section */

/* Begin PBXContainerItemProxy section */
		4F7962A81C6B989000330873 /* PBXContainerItemProxy */ = {
			isa = PBXContainerItemProxy;
			containerPortal = 4F7962931C6B989000330873 /* Project object */;
			proxyType = 1;
			remoteGlobalIDString = 4F79629B1C6B989000330873;
			remoteInfo = Orca;
		};
		4F7962C51C6B998500330873 /* PBXContainerItemProxy */ = {
			isa = PBXContainerItemProxy;
			containerPortal = 4F7962931C6B989000330873 /* Project object */;
			proxyType = 1;
			remoteGlobalIDString = 4F79629B1C6B989000330873;
			remoteInfo = Orca;
		};
/* End PBXContainerItemProxy section */

/* Begin PBXCopyFilesBuildPhase section */
		4F7962BC1C6B994000330873 /* CopyFiles */ = {
			isa = PBXCopyFilesBuildPhase;
			buildActionMask = 2147483647;
			dstPath = /usr/share/man/man1/;
			dstSubfolderSpec = 0;
			files = (
			);
			runOnlyForDeploymentPostprocessing = 1;
		};
/* End PBXCopyFilesBuildPhase section */

/* Begin PBXFileReference section */
		4F79629C1C6B989000330873 /* Orca.framework */ = {isa = PBXFileReference; explicitFileType = wrapper.framework; includeInIndex = 0; path = Orca.framework; sourceTree = BUILT_PRODUCTS_DIR; };
		4F79629F1C6B989000330873 /* Orca.h */ = {isa = PBXFileReference; lastKnownFileType = sourcecode.c.h; path = Orca.h; sourceTree = "<group>"; };
		4F7962A11C6B989000330873 /* Info.plist */ = {isa = PBXFileReference; lastKnownFileType = text.plist.xml; path = Info.plist; sourceTree = "<group>"; };
		4F7962A61C6B989000330873 /* OrcaTests.xctest */ = {isa = PBXFileReference; explicitFileType = wrapper.cfbundle; includeInIndex = 0; path = OrcaTests.xctest; sourceTree = BUILT_PRODUCTS_DIR; };
		4F7962AB1C6B989000330873 /* OrcaTests.swift */ = {isa = PBXFileReference; lastKnownFileType = sourcecode.swift; path = OrcaTests.swift; sourceTree = "<group>"; };
		4F7962AD1C6B989000330873 /* Info.plist */ = {isa = PBXFileReference; lastKnownFileType = text.plist.xml; path = Info.plist; sourceTree = "<group>"; };
		4F7962B71C6B98CA00330873 /* Model.swift */ = {isa = PBXFileReference; fileEncoding = 4; lastKnownFileType = sourcecode.swift; path = Model.swift; sourceTree = "<group>"; };
		4F7962BE1C6B994000330873 /* OrcaExample */ = {isa = PBXFileReference; explicitFileType = "compiled.mach-o.executable"; includeInIndex = 0; path = OrcaExample; sourceTree = BUILT_PRODUCTS_DIR; };
		4F7962C01C6B994000330873 /* main.swift */ = {isa = PBXFileReference; lastKnownFileType = sourcecode.swift; path = main.swift; sourceTree = "<group>"; };
		4F7962C81C6B9B5A00330873 /* DataTypes.swift */ = {isa = PBXFileReference; fileEncoding = 4; lastKnownFileType = sourcecode.swift; path = DataTypes.swift; sourceTree = "<group>"; };
/* End PBXFileReference section */

/* Begin PBXFrameworksBuildPhase section */
		4F7962981C6B989000330873 /* Frameworks */ = {
			isa = PBXFrameworksBuildPhase;
			buildActionMask = 2147483647;
			files = (
			);
			runOnlyForDeploymentPostprocessing = 0;
		};
		4F7962A31C6B989000330873 /* Frameworks */ = {
			isa = PBXFrameworksBuildPhase;
			buildActionMask = 2147483647;
			files = (
				4F7962A71C6B989000330873 /* Orca.framework in Frameworks */,
			);
			runOnlyForDeploymentPostprocessing = 0;
		};
		4F7962BB1C6B994000330873 /* Frameworks */ = {
			isa = PBXFrameworksBuildPhase;
			buildActionMask = 2147483647;
			files = (
				4F7962C71C6B998800330873 /* Orca.framework in Frameworks */,
			);
			runOnlyForDeploymentPostprocessing = 0;
		};
/* End PBXFrameworksBuildPhase section */

/* Begin PBXGroup section */
		4F7962921C6B989000330873 = {
			isa = PBXGroup;
			children = (
				4F79629E1C6B989000330873 /* Orca */,
				4F7962AA1C6B989000330873 /* OrcaTests */,
				4F7962BF1C6B994000330873 /* OrcaExample */,
				4F79629D1C6B989000330873 /* Products */,
				4F7962B61C6B98BD00330873 /* Sources */,
			);
			sourceTree = "<group>";
		};
		4F79629D1C6B989000330873 /* Products */ = {
			isa = PBXGroup;
			children = (
				4F79629C1C6B989000330873 /* Orca.framework */,
				4F7962A61C6B989000330873 /* OrcaTests.xctest */,
				4F7962BE1C6B994000330873 /* OrcaExample */,
			);
			name = Products;
			sourceTree = "<group>";
		};
		4F79629E1C6B989000330873 /* Orca */ = {
			isa = PBXGroup;
			children = (
				4F79629F1C6B989000330873 /* Orca.h */,
				4F7962A11C6B989000330873 /* Info.plist */,
			);
			path = Orca;
			sourceTree = "<group>";
		};
		4F7962AA1C6B989000330873 /* OrcaTests */ = {
			isa = PBXGroup;
			children = (
				4F7962AB1C6B989000330873 /* OrcaTests.swift */,
				4F7962AD1C6B989000330873 /* Info.plist */,
			);
			path = OrcaTests;
			sourceTree = "<group>";
		};
		4F7962B61C6B98BD00330873 /* Sources */ = {
			isa = PBXGroup;
			children = (
				4F7962B71C6B98CA00330873 /* Model.swift */,
				4F7962C81C6B9B5A00330873 /* DataTypes.swift */,
			);
			name = Sources;
			path = ../../Sources;
			sourceTree = "<group>";
		};
		4F7962BF1C6B994000330873 /* OrcaExample */ = {
			isa = PBXGroup;
			children = (
				4F7962C01C6B994000330873 /* main.swift */,
			);
			path = OrcaExample;
			sourceTree = "<group>";
		};
/* End PBXGroup section */

/* Begin PBXHeadersBuildPhase section */
		4F7962991C6B989000330873 /* Headers */ = {
			isa = PBXHeadersBuildPhase;
			buildActionMask = 2147483647;
			files = (
				4F7962A01C6B989000330873 /* Orca.h in Headers */,
			);
			runOnlyForDeploymentPostprocessing = 0;
		};
/* End PBXHeadersBuildPhase section */

/* Begin PBXNativeTarget section */
		4F79629B1C6B989000330873 /* Orca */ = {
			isa = PBXNativeTarget;
			buildConfigurationList = 4F7962B01C6B989000330873 /* Build configuration list for PBXNativeTarget "Orca" */;
			buildPhases = (
				4F7962971C6B989000330873 /* Sources */,
				4F7962981C6B989000330873 /* Frameworks */,
				4F7962991C6B989000330873 /* Headers */,
				4F79629A1C6B989000330873 /* Resources */,
			);
			buildRules = (
			);
			dependencies = (
			);
			name = Orca;
			productName = Orca;
			productReference = 4F79629C1C6B989000330873 /* Orca.framework */;
			productType = "com.apple.product-type.framework";
		};
		4F7962A51C6B989000330873 /* OrcaTests */ = {
			isa = PBXNativeTarget;
			buildConfigurationList = 4F7962B31C6B989000330873 /* Build configuration list for PBXNativeTarget "OrcaTests" */;
			buildPhases = (
				4F7962A21C6B989000330873 /* Sources */,
				4F7962A31C6B989000330873 /* Frameworks */,
				4F7962A41C6B989000330873 /* Resources */,
			);
			buildRules = (
			);
			dependencies = (
				4F7962A91C6B989000330873 /* PBXTargetDependency */,
			);
			name = OrcaTests;
			productName = OrcaTests;
			productReference = 4F7962A61C6B989000330873 /* OrcaTests.xctest */;
			productType = "com.apple.product-type.bundle.unit-test";
		};
		4F7962BD1C6B994000330873 /* OrcaExample */ = {
			isa = PBXNativeTarget;
			buildConfigurationList = 4F7962C21C6B994100330873 /* Build configuration list for PBXNativeTarget "OrcaExample" */;
			buildPhases = (
				4F7962BA1C6B994000330873 /* Sources */,
				4F7962BB1C6B994000330873 /* Frameworks */,
				4F7962BC1C6B994000330873 /* CopyFiles */,
			);
			buildRules = (
			);
			dependencies = (
				4F7962C61C6B998500330873 /* PBXTargetDependency */,
			);
			name = OrcaExample;
			productName = OrcaExample;
			productReference = 4F7962BE1C6B994000330873 /* OrcaExample */;
			productType = "com.apple.product-type.tool";
		};
/* End PBXNativeTarget section */

/* Begin PBXProject section */
		4F7962931C6B989000330873 /* Project object */ = {
			isa = PBXProject;
			attributes = {
				LastSwiftUpdateCheck = 0730;
				LastUpgradeCheck = 0730;
				ORGANIZATIONNAME = "Elliott Minns";
				TargetAttributes = {
					4F79629B1C6B989000330873 = {
						CreatedOnToolsVersion = 7.3;
					};
					4F7962A51C6B989000330873 = {
						CreatedOnToolsVersion = 7.3;
					};
					4F7962BD1C6B994000330873 = {
						CreatedOnToolsVersion = 7.3;
					};
				};
			};
			buildConfigurationList = 4F7962961C6B989000330873 /* Build configuration list for PBXProject "Orca" */;
			compatibilityVersion = "Xcode 3.2";
			developmentRegion = English;
			hasScannedForEncodings = 0;
			knownRegions = (
				en,
			);
			mainGroup = 4F7962921C6B989000330873;
			productRefGroup = 4F79629D1C6B989000330873 /* Products */;
			projectDirPath = "";
			projectRoot = "";
			targets = (
				4F79629B1C6B989000330873 /* Orca */,
				4F7962A51C6B989000330873 /* OrcaTests */,
				4F7962BD1C6B994000330873 /* OrcaExample */,
			);
		};
/* End PBXProject section */

/* Begin PBXResourcesBuildPhase section */
		4F79629A1C6B989000330873 /* Resources */ = {
			isa = PBXResourcesBuildPhase;
			buildActionMask = 2147483647;
			files = (
			);
			runOnlyForDeploymentPostprocessing = 0;
		};
		4F7962A41C6B989000330873 /* Resources */ = {
			isa = PBXResourcesBuildPhase;
			buildActionMask = 2147483647;
			files = (
			);
			runOnlyForDeploymentPostprocessing = 0;
		};
/* End PBXResourcesBuildPhase section */

/* Begin PBXSourcesBuildPhase section */
		4F7962971C6B989000330873 /* Sources */ = {
			isa = PBXSourcesBuildPhase;
			buildActionMask = 2147483647;
			files = (
				4F7962B81C6B98CA00330873 /* Model.swift in Sources */,
				4F7962C91C6B9B5A00330873 /* DataTypes.swift in Sources */,
			);
			runOnlyForDeploymentPostprocessing = 0;
		};
		4F7962A21C6B989000330873 /* Sources */ = {
			isa = PBXSourcesBuildPhase;
			buildActionMask = 2147483647;
			files = (
				4F7962AC1C6B989000330873 /* OrcaTests.swift in Sources */,
			);
			runOnlyForDeploymentPostprocessing = 0;
		};
		4F7962BA1C6B994000330873 /* Sources */ = {
			isa = PBXSourcesBuildPhase;
			buildActionMask = 2147483647;
			files = (
				4F7962C11C6B994000330873 /* main.swift in Sources */,
			);
			runOnlyForDeploymentPostprocessing = 0;
		};
/* End PBXSourcesBuildPhase section */

/* Begin PBXTargetDependency section */
		4F7962A91C6B989000330873 /* PBXTargetDependency */ = {
			isa = PBXTargetDependency;
			target = 4F79629B1C6B989000330873 /* Orca */;
			targetProxy = 4F7962A81C6B989000330873 /* PBXContainerItemProxy */;
		};
		4F7962C61C6B998500330873 /* PBXTargetDependency */ = {
			isa = PBXTargetDependency;
			target = 4F79629B1C6B989000330873 /* Orca */;
			targetProxy = 4F7962C51C6B998500330873 /* PBXContainerItemProxy */;
		};
/* End PBXTargetDependency section */

/* Begin XCBuildConfiguration section */
		4F7962AE1C6B989000330873 /* Debug */ = {
			isa = XCBuildConfiguration;
			buildSettings = {
				ALWAYS_SEARCH_USER_PATHS = NO;
				CLANG_CXX_LANGUAGE_STANDARD = "gnu++0x";
				CLANG_CXX_LIBRARY = "libc++";
				CLANG_ENABLE_MODULES = YES;
				CLANG_ENABLE_OBJC_ARC = YES;
				CLANG_WARN_BOOL_CONVERSION = YES;
				CLANG_WARN_CONSTANT_CONVERSION = YES;
				CLANG_WARN_DIRECT_OBJC_ISA_USAGE = YES_ERROR;
				CLANG_WARN_EMPTY_BODY = YES;
				CLANG_WARN_ENUM_CONVERSION = YES;
				CLANG_WARN_INT_CONVERSION = YES;
				CLANG_WARN_OBJC_ROOT_CLASS = YES_ERROR;
				CLANG_WARN_UNREACHABLE_CODE = YES;
				CLANG_WARN__DUPLICATE_METHOD_MATCH = YES;
				CODE_SIGN_IDENTITY = "-";
				COPY_PHASE_STRIP = NO;
				CURRENT_PROJECT_VERSION = 1;
				DEBUG_INFORMATION_FORMAT = dwarf;
				ENABLE_STRICT_OBJC_MSGSEND = YES;
				ENABLE_TESTABILITY = YES;
				GCC_C_LANGUAGE_STANDARD = gnu99;
				GCC_DYNAMIC_NO_PIC = NO;
				GCC_NO_COMMON_BLOCKS = YES;
				GCC_OPTIMIZATION_LEVEL = 0;
				GCC_PREPROCESSOR_DEFINITIONS = (
					"DEBUG=1",
					"$(inherited)",
				);
				GCC_WARN_64_TO_32_BIT_CONVERSION = YES;
				GCC_WARN_ABOUT_RETURN_TYPE = YES_ERROR;
				GCC_WARN_UNDECLARED_SELECTOR = YES;
				GCC_WARN_UNINITIALIZED_AUTOS = YES_AGGRESSIVE;
				GCC_WARN_UNUSED_FUNCTION = YES;
				GCC_WARN_UNUSED_VARIABLE = YES;
				MACOSX_DEPLOYMENT_TARGET = 10.11;
				MTL_ENABLE_DEBUG_INFO = YES;
				ONLY_ACTIVE_ARCH = YES;
				SDKROOT = macosx;
				SWIFT_OPTIMIZATION_LEVEL = "-Onone";
				VERSIONING_SYSTEM = "apple-generic";
				VERSION_INFO_PREFIX = "";
			};
			name = Debug;
		};
		4F7962AF1C6B989000330873 /* Release */ = {
			isa = XCBuildConfiguration;
			buildSettings = {
				ALWAYS_SEARCH_USER_PATHS = NO;
				CLANG_CXX_LANGUAGE_STANDARD = "gnu++0x";
				CLANG_CXX_LIBRARY = "libc++";
				CLANG_ENABLE_MODULES = YES;
				CLANG_ENABLE_OBJC_ARC = YES;
				CLANG_WARN_BOOL_CONVERSION = YES;
				CLANG_WARN_CONSTANT_CONVERSION = YES;
				CLANG_WARN_DIRECT_OBJC_ISA_USAGE = YES_ERROR;
				CLANG_WARN_EMPTY_BODY = YES;
				CLANG_WARN_ENUM_CONVERSION = YES;
				CLANG_WARN_INT_CONVERSION = YES;
				CLANG_WARN_OBJC_ROOT_CLASS = YES_ERROR;
				CLANG_WARN_UNREACHABLE_CODE = YES;
				CLANG_WARN__DUPLICATE_METHOD_MATCH = YES;
				CODE_SIGN_IDENTITY = "-";
				COPY_PHASE_STRIP = NO;
				CURRENT_PROJECT_VERSION = 1;
				DEBUG_INFORMATION_FORMAT = "dwarf-with-dsym";
				ENABLE_NS_ASSERTIONS = NO;
				ENABLE_STRICT_OBJC_MSGSEND = YES;
				GCC_C_LANGUAGE_STANDARD = gnu99;
				GCC_NO_COMMON_BLOCKS = YES;
				GCC_WARN_64_TO_32_BIT_CONVERSION = YES;
				GCC_WARN_ABOUT_RETURN_TYPE = YES_ERROR;
				GCC_WARN_UNDECLARED_SELECTOR = YES;
				GCC_WARN_UNINITIALIZED_AUTOS = YES_AGGRESSIVE;
				GCC_WARN_UNUSED_FUNCTION = YES;
				GCC_WARN_UNUSED_VARIABLE = YES;
				MACOSX_DEPLOYMENT_TARGET = 10.11;
				MTL_ENABLE_DEBUG_INFO = NO;
				SDKROOT = macosx;
				VERSIONING_SYSTEM = "apple-generic";
				VERSION_INFO_PREFIX = "";
			};
			name = Release;
		};
		4F7962B11C6B989000330873 /* Debug */ = {
			isa = XCBuildConfiguration;
			buildSettings = {
				CLANG_ENABLE_MODULES = YES;
				COMBINE_HIDPI_IMAGES = YES;
				DEFINES_MODULE = YES;
				DYLIB_COMPATIBILITY_VERSION = 1;
				DYLIB_CURRENT_VERSION = 1;
				DYLIB_INSTALL_NAME_BASE = "@rpath";
				EMBEDDED_CONTENT_CONTAINS_SWIFT = YES;
				FRAMEWORK_VERSION = A;
				INFOPLIST_FILE = Orca/Info.plist;
				INSTALL_PATH = "$(LOCAL_LIBRARY_DIR)/Frameworks";
				LD_RUNPATH_SEARCH_PATHS = "$(inherited) @executable_path/../Frameworks @loader_path/Frameworks";
				PRODUCT_BUNDLE_IDENTIFIER = com.elliottminns.Orca;
				PRODUCT_NAME = "$(TARGET_NAME)";
				SKIP_INSTALL = YES;
				SWIFT_OPTIMIZATION_LEVEL = "-Onone";
			};
			name = Debug;
		};
		4F7962B21C6B989000330873 /* Release */ = {
			isa = XCBuildConfiguration;
			buildSettings = {
				CLANG_ENABLE_MODULES = YES;
				COMBINE_HIDPI_IMAGES = YES;
				DEFINES_MODULE = YES;
				DYLIB_COMPATIBILITY_VERSION = 1;
				DYLIB_CURRENT_VERSION = 1;
				DYLIB_INSTALL_NAME_BASE = "@rpath";
				EMBEDDED_CONTENT_CONTAINS_SWIFT = YES;
				FRAMEWORK_VERSION = A;
				INFOPLIST_FILE = Orca/Info.plist;
				INSTALL_PATH = "$(LOCAL_LIBRARY_DIR)/Frameworks";
				LD_RUNPATH_SEARCH_PATHS = "$(inherited) @executable_path/../Frameworks @loader_path/Frameworks";
				PRODUCT_BUNDLE_IDENTIFIER = com.elliottminns.Orca;
				PRODUCT_NAME = "$(TARGET_NAME)";
				SKIP_INSTALL = YES;
			};
			name = Release;
		};
		4F7962B41C6B989000330873 /* Debug */ = {
			isa = XCBuildConfiguration;
			buildSettings = {
				COMBINE_HIDPI_IMAGES = YES;
				INFOPLIST_FILE = OrcaTests/Info.plist;
				LD_RUNPATH_SEARCH_PATHS = "$(inherited) @executable_path/../Frameworks @loader_path/../Frameworks";
				PRODUCT_BUNDLE_IDENTIFIER = com.elliottminns.OrcaTests;
				PRODUCT_NAME = "$(TARGET_NAME)";
			};
			name = Debug;
		};
		4F7962B51C6B989000330873 /* Release */ = {
			isa = XCBuildConfiguration;
			buildSettings = {
				COMBINE_HIDPI_IMAGES = YES;
				INFOPLIST_FILE = OrcaTests/Info.plist;
				LD_RUNPATH_SEARCH_PATHS = "$(inherited) @executable_path/../Frameworks @loader_path/../Frameworks";
				PRODUCT_BUNDLE_IDENTIFIER = com.elliottminns.OrcaTests;
				PRODUCT_NAME = "$(TARGET_NAME)";
			};
			name = Release;
		};
		4F7962C31C6B994100330873 /* Debug */ = {
			isa = XCBuildConfiguration;
			buildSettings = {
				PRODUCT_NAME = "$(TARGET_NAME)";
			};
			name = Debug;
		};
		4F7962C41C6B994100330873 /* Release */ = {
			isa = XCBuildConfiguration;
			buildSettings = {
				PRODUCT_NAME = "$(TARGET_NAME)";
			};
			name = Release;
		};
/* End XCBuildConfiguration section */

/* Begin XCConfigurationList section */
		4F7962961C6B989000330873 /* Build configuration list for PBXProject "Orca" */ = {
			isa = XCConfigurationList;
			buildConfigurations = (
				4F7962AE1C6B989000330873 /* Debug */,
				4F7962AF1C6B989000330873 /* Release */,
			);
			defaultConfigurationIsVisible = 0;
			defaultConfigurationName = Release;
		};
		4F7962B01C6B989000330873 /* Build configuration list for PBXNativeTarget "Orca" */ = {
			isa = XCConfigurationList;
			buildConfigurations = (
				4F7962B11C6B989000330873 /* Debug */,
				4F7962B21C6B989000330873 /* Release */,
			);
			defaultConfigurationIsVisible = 0;
		};
		4F7962B31C6B989000330873 /* Build configuration list for PBXNativeTarget "OrcaTests" */ = {
			isa = XCConfigurationList;
			buildConfigurations = (
				4F7962B41C6B989000330873 /* Debug */,
				4F7962B51C6B989000330873 /* Release */,
			);
			defaultConfigurationIsVisible = 0;
		};
		4F7962C21C6B994100330873 /* Build configuration list for PBXNativeTarget "OrcaExample" */ = {
			isa = XCConfigurationList;
			buildConfigurations = (
				4F7962C31C6B994100330873 /* Debug */,
				4F7962C41C6B994100330873 /* Release */,
			);
			defaultConfigurationIsVisible = 0;
		};
/* End XCConfigurationList section */
	};
	rootObject = 4F7962931C6B989000330873 /* Project object */;
}
